// !$*UTF8*$!
{
	archiveVersion = 1;
	classes = {
	};
	objectVersion = 55;
	objects = {

/* Begin PBXBuildFile section */
		6A262F45287592C60038600B /* AppDelegate.swift in Sources */ = {isa = PBXBuildFile; fileRef = 6A262F44287592C60038600B /* AppDelegate.swift */; };
		6A262F47287592C60038600B /* SceneDelegate.swift in Sources */ = {isa = PBXBuildFile; fileRef = 6A262F46287592C60038600B /* SceneDelegate.swift */; };
		6A262F49287592C60038600B /* AllLeaguesViewController.swift in Sources */ = {isa = PBXBuildFile; fileRef = 6A262F48287592C60038600B /* AllLeaguesViewController.swift */; };
		6A262F4E287592C70038600B /* Assets.xcassets in Resources */ = {isa = PBXBuildFile; fileRef = 6A262F4D287592C70038600B /* Assets.xcassets */; };
		6A262F51287592C70038600B /* LaunchScreen.storyboard in Resources */ = {isa = PBXBuildFile; fileRef = 6A262F4F287592C70038600B /* LaunchScreen.storyboard */; };
		6A262F5B287595BB0038600B /* EndPointType.swift in Sources */ = {isa = PBXBuildFile; fileRef = 6A262F5A287595BB0038600B /* EndPointType.swift */; };
		6A262F5D287596890038600B /* HTTPMethod.swift in Sources */ = {isa = PBXBuildFile; fileRef = 6A262F5C287596890038600B /* HTTPMethod.swift */; };
		6A262F5F287596D90038600B /* HTTPTask.swift in Sources */ = {isa = PBXBuildFile; fileRef = 6A262F5E287596D90038600B /* HTTPTask.swift */; };
		6A262F622875977B0038600B /* ParameterEncoding.swift in Sources */ = {isa = PBXBuildFile; fileRef = 6A262F612875977B0038600B /* ParameterEncoding.swift */; };
		6A262F6528759A440038600B /* NetworkError.swift in Sources */ = {isa = PBXBuildFile; fileRef = 6A262F6428759A440038600B /* NetworkError.swift */; };
		6A262F6728759B5F0038600B /* URLParameterEncoder.swift in Sources */ = {isa = PBXBuildFile; fileRef = 6A262F6628759B5F0038600B /* URLParameterEncoder.swift */; };
		6A262F6B2875A1580038600B /* NetworkRouter.swift in Sources */ = {isa = PBXBuildFile; fileRef = 6A262F6A2875A1580038600B /* NetworkRouter.swift */; };
		6A262F6D2875A23A0038600B /* Router.swift in Sources */ = {isa = PBXBuildFile; fileRef = 6A262F6C2875A23A0038600B /* Router.swift */; };
		6A262F702875A63C0038600B /* FootballEndPoint.swift in Sources */ = {isa = PBXBuildFile; fileRef = 6A262F6F2875A63C0038600B /* FootballEndPoint.swift */; };
		6A262F722875B0AD0038600B /* NetworkResponse.swift in Sources */ = {isa = PBXBuildFile; fileRef = 6A262F712875B0AD0038600B /* NetworkResponse.swift */; };
		6A262F742875B1770038600B /* Result.swift in Sources */ = {isa = PBXBuildFile; fileRef = 6A262F732875B1770038600B /* Result.swift */; };
		6A262F772875B2540038600B /* NetworkManager.swift in Sources */ = {isa = PBXBuildFile; fileRef = 6A262F762875B2540038600B /* NetworkManager.swift */; };
		6A262F7A2875B91B0038600B /* Leagues.swift in Sources */ = {isa = PBXBuildFile; fileRef = 6A262F792875B91B0038600B /* Leagues.swift */; };
		6A262F7C2875B9740038600B /* League.swift in Sources */ = {isa = PBXBuildFile; fileRef = 6A262F7B2875B9740038600B /* League.swift */; };
		6A262F7E2875BA440038600B /* Logos.swift in Sources */ = {isa = PBXBuildFile; fileRef = 6A262F7D2875BA440038600B /* Logos.swift */; };
		6A262F872875D1380038600B /* ModelFacade.swift in Sources */ = {isa = PBXBuildFile; fileRef = 6A262F862875D1380038600B /* ModelFacade.swift */; };
		6A262F892875D2CE0038600B /* AllLeaguesPresenter.swift in Sources */ = {isa = PBXBuildFile; fileRef = 6A262F882875D2CE0038600B /* AllLeaguesPresenter.swift */; };
		6A262F8B2875DC9A0038600B /* LeagueCell.swift in Sources */ = {isa = PBXBuildFile; fileRef = 6A262F8A2875DC9A0038600B /* LeagueCell.swift */; };
		6A262F8D2875E3950038600B /* UIImageViewExtension.swift in Sources */ = {isa = PBXBuildFile; fileRef = 6A262F8C2875E3950038600B /* UIImageViewExtension.swift */; };
		6A262F8F2875E3E80038600B /* ImageProvider.swift in Sources */ = {isa = PBXBuildFile; fileRef = 6A262F8E2875E3E80038600B /* ImageProvider.swift */; };
		6A262F912875FC150038600B /* SeasonsViewController.swift in Sources */ = {isa = PBXBuildFile; fileRef = 6A262F902875FC150038600B /* SeasonsViewController.swift */; };
		6A262F932875FC250038600B /* SeasonsPresenter.swift in Sources */ = {isa = PBXBuildFile; fileRef = 6A262F922875FC250038600B /* SeasonsPresenter.swift */; };
		6A262F972875FD120038600B /* SeasonsResponse.swift in Sources */ = {isa = PBXBuildFile; fileRef = 6A262F962875FD120038600B /* SeasonsResponse.swift */; };
		6A262F992875FD1B0038600B /* Season.swift in Sources */ = {isa = PBXBuildFile; fileRef = 6A262F982875FD1B0038600B /* Season.swift */; };
		6A262F9B2875FDF60038600B /* SeasonType.swift in Sources */ = {isa = PBXBuildFile; fileRef = 6A262F9A2875FDF60038600B /* SeasonType.swift */; };
		6A262F9D2875FEF90038600B /* Seasons.swift in Sources */ = {isa = PBXBuildFile; fileRef = 6A262F9C2875FEF90038600B /* Seasons.swift */; };
		6A262F9F28760DB90038600B /* SeasonCell.swift in Sources */ = {isa = PBXBuildFile; fileRef = 6A262F9E28760DB90038600B /* SeasonCell.swift */; };
		6A262FA4287626CE0038600B /* StandingsPresenter.swift in Sources */ = {isa = PBXBuildFile; fileRef = 6A262FA3287626CE0038600B /* StandingsPresenter.swift */; };
		6A262FA6287626EA0038600B /* StandingsViewController.swift in Sources */ = {isa = PBXBuildFile; fileRef = 6A262FA5287626EA0038600B /* StandingsViewController.swift */; };
		6A262FA8287626FC0038600B /* StandingCell.swift in Sources */ = {isa = PBXBuildFile; fileRef = 6A262FA7287626FC0038600B /* StandingCell.swift */; };
		6A262FAB287628B90038600B /* StandingsResponse.swift in Sources */ = {isa = PBXBuildFile; fileRef = 6A262FAA287628B90038600B /* StandingsResponse.swift */; };
		6A262FAD2876292C0038600B /* Standings.swift in Sources */ = {isa = PBXBuildFile; fileRef = 6A262FAC2876292C0038600B /* Standings.swift */; };
		6A262FAF287629B80038600B /* Standing.swift in Sources */ = {isa = PBXBuildFile; fileRef = 6A262FAE287629B80038600B /* Standing.swift */; };
		6A262FB128762A310038600B /* Team.swift in Sources */ = {isa = PBXBuildFile; fileRef = 6A262FB028762A310038600B /* Team.swift */; };
		6A262FB328762A3A0038600B /* Note.swift in Sources */ = {isa = PBXBuildFile; fileRef = 6A262FB228762A3A0038600B /* Note.swift */; };
		6A262FB528762A470038600B /* Stat.swift in Sources */ = {isa = PBXBuildFile; fileRef = 6A262FB428762A470038600B /* Stat.swift */; };
		6A262FB728762B2B0038600B /* StandingLogo.swift in Sources */ = {isa = PBXBuildFile; fileRef = 6A262FB628762B2B0038600B /* StandingLogo.swift */; };
		6A262FBB287637A10038600B /* StatViewModel.swift in Sources */ = {isa = PBXBuildFile; fileRef = 6A262FBA287637A10038600B /* StatViewModel.swift */; };
		6A262FBF287662930038600B /* StatCell.swift in Sources */ = {isa = PBXBuildFile; fileRef = 6A262FBE287662930038600B /* StatCell.swift */; };
		6A262FC2287687070038600B /* DateFormatterExtension.swift in Sources */ = {isa = PBXBuildFile; fileRef = 6A262FC1287687070038600B /* DateFormatterExtension.swift */; };
/* End PBXBuildFile section */

/* Begin PBXFileReference section */
		6A262F41287592C60038600B /* FootballStandings.app */ = {isa = PBXFileReference; explicitFileType = wrapper.application; includeInIndex = 0; path = FootballStandings.app; sourceTree = BUILT_PRODUCTS_DIR; };
		6A262F44287592C60038600B /* AppDelegate.swift */ = {isa = PBXFileReference; lastKnownFileType = sourcecode.swift; path = AppDelegate.swift; sourceTree = "<group>"; };
		6A262F46287592C60038600B /* SceneDelegate.swift */ = {isa = PBXFileReference; lastKnownFileType = sourcecode.swift; path = SceneDelegate.swift; sourceTree = "<group>"; };
		6A262F48287592C60038600B /* AllLeaguesViewController.swift */ = {isa = PBXFileReference; lastKnownFileType = sourcecode.swift; path = AllLeaguesViewController.swift; sourceTree = "<group>"; };
		6A262F4D287592C70038600B /* Assets.xcassets */ = {isa = PBXFileReference; lastKnownFileType = folder.assetcatalog; path = Assets.xcassets; sourceTree = "<group>"; };
		6A262F50287592C70038600B /* Base */ = {isa = PBXFileReference; lastKnownFileType = file.storyboard; name = Base; path = Base.lproj/LaunchScreen.storyboard; sourceTree = "<group>"; };
		6A262F52287592C70038600B /* Info.plist */ = {isa = PBXFileReference; lastKnownFileType = text.plist.xml; path = Info.plist; sourceTree = "<group>"; };
		6A262F5A287595BB0038600B /* EndPointType.swift */ = {isa = PBXFileReference; lastKnownFileType = sourcecode.swift; path = EndPointType.swift; sourceTree = "<group>"; };
		6A262F5C287596890038600B /* HTTPMethod.swift */ = {isa = PBXFileReference; lastKnownFileType = sourcecode.swift; path = HTTPMethod.swift; sourceTree = "<group>"; };
		6A262F5E287596D90038600B /* HTTPTask.swift */ = {isa = PBXFileReference; lastKnownFileType = sourcecode.swift; path = HTTPTask.swift; sourceTree = "<group>"; };
		6A262F612875977B0038600B /* ParameterEncoding.swift */ = {isa = PBXFileReference; lastKnownFileType = sourcecode.swift; path = ParameterEncoding.swift; sourceTree = "<group>"; };
		6A262F6428759A440038600B /* NetworkError.swift */ = {isa = PBXFileReference; lastKnownFileType = sourcecode.swift; path = NetworkError.swift; sourceTree = "<group>"; };
		6A262F6628759B5F0038600B /* URLParameterEncoder.swift */ = {isa = PBXFileReference; lastKnownFileType = sourcecode.swift; path = URLParameterEncoder.swift; sourceTree = "<group>"; };
		6A262F6A2875A1580038600B /* NetworkRouter.swift */ = {isa = PBXFileReference; lastKnownFileType = sourcecode.swift; path = NetworkRouter.swift; sourceTree = "<group>"; };
		6A262F6C2875A23A0038600B /* Router.swift */ = {isa = PBXFileReference; lastKnownFileType = sourcecode.swift; path = Router.swift; sourceTree = "<group>"; };
		6A262F6F2875A63C0038600B /* FootballEndPoint.swift */ = {isa = PBXFileReference; lastKnownFileType = sourcecode.swift; path = FootballEndPoint.swift; sourceTree = "<group>"; };
		6A262F712875B0AD0038600B /* NetworkResponse.swift */ = {isa = PBXFileReference; lastKnownFileType = sourcecode.swift; path = NetworkResponse.swift; sourceTree = "<group>"; };
		6A262F732875B1770038600B /* Result.swift */ = {isa = PBXFileReference; lastKnownFileType = sourcecode.swift; path = Result.swift; sourceTree = "<group>"; };
		6A262F762875B2540038600B /* NetworkManager.swift */ = {isa = PBXFileReference; lastKnownFileType = sourcecode.swift; path = NetworkManager.swift; sourceTree = "<group>"; };
		6A262F792875B91B0038600B /* Leagues.swift */ = {isa = PBXFileReference; lastKnownFileType = sourcecode.swift; path = Leagues.swift; sourceTree = "<group>"; };
		6A262F7B2875B9740038600B /* League.swift */ = {isa = PBXFileReference; lastKnownFileType = sourcecode.swift; path = League.swift; sourceTree = "<group>"; };
		6A262F7D2875BA440038600B /* Logos.swift */ = {isa = PBXFileReference; lastKnownFileType = sourcecode.swift; path = Logos.swift; sourceTree = "<group>"; };
		6A262F862875D1380038600B /* ModelFacade.swift */ = {isa = PBXFileReference; lastKnownFileType = sourcecode.swift; path = ModelFacade.swift; sourceTree = "<group>"; };
		6A262F882875D2CE0038600B /* AllLeaguesPresenter.swift */ = {isa = PBXFileReference; lastKnownFileType = sourcecode.swift; path = AllLeaguesPresenter.swift; sourceTree = "<group>"; };
		6A262F8A2875DC9A0038600B /* LeagueCell.swift */ = {isa = PBXFileReference; lastKnownFileType = sourcecode.swift; path = LeagueCell.swift; sourceTree = "<group>"; };
		6A262F8C2875E3950038600B /* UIImageViewExtension.swift */ = {isa = PBXFileReference; lastKnownFileType = sourcecode.swift; path = UIImageViewExtension.swift; sourceTree = "<group>"; };
		6A262F8E2875E3E80038600B /* ImageProvider.swift */ = {isa = PBXFileReference; lastKnownFileType = sourcecode.swift; path = ImageProvider.swift; sourceTree = "<group>"; };
		6A262F902875FC150038600B /* SeasonsViewController.swift */ = {isa = PBXFileReference; lastKnownFileType = sourcecode.swift; path = SeasonsViewController.swift; sourceTree = "<group>"; };
		6A262F922875FC250038600B /* SeasonsPresenter.swift */ = {isa = PBXFileReference; lastKnownFileType = sourcecode.swift; path = SeasonsPresenter.swift; sourceTree = "<group>"; };
		6A262F962875FD120038600B /* SeasonsResponse.swift */ = {isa = PBXFileReference; lastKnownFileType = sourcecode.swift; path = SeasonsResponse.swift; sourceTree = "<group>"; };
		6A262F982875FD1B0038600B /* Season.swift */ = {isa = PBXFileReference; lastKnownFileType = sourcecode.swift; path = Season.swift; sourceTree = "<group>"; };
		6A262F9A2875FDF60038600B /* SeasonType.swift */ = {isa = PBXFileReference; lastKnownFileType = sourcecode.swift; path = SeasonType.swift; sourceTree = "<group>"; };
		6A262F9C2875FEF90038600B /* Seasons.swift */ = {isa = PBXFileReference; lastKnownFileType = sourcecode.swift; path = Seasons.swift; sourceTree = "<group>"; };
		6A262F9E28760DB90038600B /* SeasonCell.swift */ = {isa = PBXFileReference; lastKnownFileType = sourcecode.swift; path = SeasonCell.swift; sourceTree = "<group>"; };
		6A262FA3287626CE0038600B /* StandingsPresenter.swift */ = {isa = PBXFileReference; lastKnownFileType = sourcecode.swift; path = StandingsPresenter.swift; sourceTree = "<group>"; };
		6A262FA5287626EA0038600B /* StandingsViewController.swift */ = {isa = PBXFileReference; lastKnownFileType = sourcecode.swift; path = StandingsViewController.swift; sourceTree = "<group>"; };
		6A262FA7287626FC0038600B /* StandingCell.swift */ = {isa = PBXFileReference; lastKnownFileType = sourcecode.swift; path = StandingCell.swift; sourceTree = "<group>"; };
		6A262FAA287628B90038600B /* StandingsResponse.swift */ = {isa = PBXFileReference; lastKnownFileType = sourcecode.swift; path = StandingsResponse.swift; sourceTree = "<group>"; };
		6A262FAC2876292C0038600B /* Standings.swift */ = {isa = PBXFileReference; lastKnownFileType = sourcecode.swift; path = Standings.swift; sourceTree = "<group>"; };
		6A262FAE287629B80038600B /* Standing.swift */ = {isa = PBXFileReference; lastKnownFileType = sourcecode.swift; path = Standing.swift; sourceTree = "<group>"; };
		6A262FB028762A310038600B /* Team.swift */ = {isa = PBXFileReference; lastKnownFileType = sourcecode.swift; path = Team.swift; sourceTree = "<group>"; };
		6A262FB228762A3A0038600B /* Note.swift */ = {isa = PBXFileReference; lastKnownFileType = sourcecode.swift; path = Note.swift; sourceTree = "<group>"; };
		6A262FB428762A470038600B /* Stat.swift */ = {isa = PBXFileReference; lastKnownFileType = sourcecode.swift; path = Stat.swift; sourceTree = "<group>"; };
		6A262FB628762B2B0038600B /* StandingLogo.swift */ = {isa = PBXFileReference; lastKnownFileType = sourcecode.swift; path = StandingLogo.swift; sourceTree = "<group>"; };
		6A262FBA287637A10038600B /* StatViewModel.swift */ = {isa = PBXFileReference; lastKnownFileType = sourcecode.swift; path = StatViewModel.swift; sourceTree = "<group>"; };
		6A262FBE287662930038600B /* StatCell.swift */ = {isa = PBXFileReference; lastKnownFileType = sourcecode.swift; path = StatCell.swift; sourceTree = "<group>"; };
		6A262FC1287687070038600B /* DateFormatterExtension.swift */ = {isa = PBXFileReference; lastKnownFileType = sourcecode.swift; path = DateFormatterExtension.swift; sourceTree = "<group>"; };
/* End PBXFileReference section */

/* Begin PBXFrameworksBuildPhase section */
		6A262F3E287592C60038600B /* Frameworks */ = {
			isa = PBXFrameworksBuildPhase;
			buildActionMask = 2147483647;
			files = (
			);
			runOnlyForDeploymentPostprocessing = 0;
		};
/* End PBXFrameworksBuildPhase section */

/* Begin PBXGroup section */
		6A262F38287592C60038600B = {
			isa = PBXGroup;
			children = (
				6A262F43287592C60038600B /* FootballStandings */,
				6A262F42287592C60038600B /* Products */,
			);
			sourceTree = "<group>";
		};
		6A262F42287592C60038600B /* Products */ = {
			isa = PBXGroup;
			children = (
				6A262F41287592C60038600B /* FootballStandings.app */,
			);
			name = Products;
			sourceTree = "<group>";
		};
		6A262F43287592C60038600B /* FootballStandings */ = {
			isa = PBXGroup;
			children = (
				6A262F44287592C60038600B /* AppDelegate.swift */,
				6A262F46287592C60038600B /* SceneDelegate.swift */,
				6A262F832875C8C20038600B /* View */,
				6A262F842875C8CD0038600B /* Presenter */,
				6A262F852875C8D60038600B /* Model */,
				6A262FC0287686EE0038600B /* CommonExtensions */,
				6A262F802875C8810038600B /* Supporting Files */,
				6A262F582875954D0038600B /* Network */,
				6A262F4F287592C70038600B /* LaunchScreen.storyboard */,
				6A262F52287592C70038600B /* Info.plist */,
			);
			path = FootballStandings;
			sourceTree = "<group>";
		};
		6A262F582875954D0038600B /* Network */ = {
			isa = PBXGroup;
			children = (
				6A262F752875B1C60038600B /* NetworkManager */,
				6A262F6E2875A5FB0038600B /* EndPoint */,
				6A262F60287597670038600B /* Encoding */,
				6A262F59287595A30038600B /* Service */,
			);
			path = Network;
			sourceTree = "<group>";
		};
		6A262F59287595A30038600B /* Service */ = {
			isa = PBXGroup;
			children = (
				6A262F5A287595BB0038600B /* EndPointType.swift */,
				6A262F5C287596890038600B /* HTTPMethod.swift */,
				6A262F5E287596D90038600B /* HTTPTask.swift */,
				6A262F6A2875A1580038600B /* NetworkRouter.swift */,
				6A262F6C2875A23A0038600B /* Router.swift */,
			);
			path = Service;
			sourceTree = "<group>";
		};
		6A262F60287597670038600B /* Encoding */ = {
			isa = PBXGroup;
			children = (
				6A262F612875977B0038600B /* ParameterEncoding.swift */,
				6A262F6428759A440038600B /* NetworkError.swift */,
				6A262F6628759B5F0038600B /* URLParameterEncoder.swift */,
			);
			path = Encoding;
			sourceTree = "<group>";
		};
		6A262F6E2875A5FB0038600B /* EndPoint */ = {
			isa = PBXGroup;
			children = (
				6A262F6F2875A63C0038600B /* FootballEndPoint.swift */,
			);
			path = EndPoint;
			sourceTree = "<group>";
		};
		6A262F752875B1C60038600B /* NetworkManager */ = {
			isa = PBXGroup;
			children = (
				6A262F762875B2540038600B /* NetworkManager.swift */,
				6A262F712875B0AD0038600B /* NetworkResponse.swift */,
				6A262F732875B1770038600B /* Result.swift */,
			);
			path = NetworkManager;
			sourceTree = "<group>";
		};
		6A262F802875C8810038600B /* Supporting Files */ = {
			isa = PBXGroup;
			children = (
				6A262F4D287592C70038600B /* Assets.xcassets */,
			);
			path = "Supporting Files";
			sourceTree = "<group>";
		};
		6A262F832875C8C20038600B /* View */ = {
			isa = PBXGroup;
			children = (
				6A262FA2287626AD0038600B /* Standings */,
				6A262FA12876268D0038600B /* Seasons */,
				6A262FA0287626830038600B /* Leagues */,
				6A262F8C2875E3950038600B /* UIImageViewExtension.swift */,
				6A262F8E2875E3E80038600B /* ImageProvider.swift */,
			);
			path = View;
			sourceTree = "<group>";
		};
		6A262F842875C8CD0038600B /* Presenter */ = {
			isa = PBXGroup;
			children = (
				6A262F882875D2CE0038600B /* AllLeaguesPresenter.swift */,
				6A262F922875FC250038600B /* SeasonsPresenter.swift */,
				6A262FA3287626CE0038600B /* StandingsPresenter.swift */,
			);
			path = Presenter;
			sourceTree = "<group>";
		};
		6A262F852875C8D60038600B /* Model */ = {
			isa = PBXGroup;
			children = (
				6A262FA9287628140038600B /* Standings */,
				6A262F952875FCFC0038600B /* Seasons */,
				6A262F942875FCEF0038600B /* Leagues */,
				6A262F862875D1380038600B /* ModelFacade.swift */,
			);
			path = Model;
			sourceTree = "<group>";
		};
		6A262F942875FCEF0038600B /* Leagues */ = {
			isa = PBXGroup;
			children = (
				6A262F792875B91B0038600B /* Leagues.swift */,
				6A262F7B2875B9740038600B /* League.swift */,
				6A262F7D2875BA440038600B /* Logos.swift */,
			);
			path = Leagues;
			sourceTree = "<group>";
		};
		6A262F952875FCFC0038600B /* Seasons */ = {
			isa = PBXGroup;
			children = (
				6A262F962875FD120038600B /* SeasonsResponse.swift */,
				6A262F982875FD1B0038600B /* Season.swift */,
				6A262F9A2875FDF60038600B /* SeasonType.swift */,
				6A262F9C2875FEF90038600B /* Seasons.swift */,
			);
			path = Seasons;
			sourceTree = "<group>";
		};
		6A262FA0287626830038600B /* Leagues */ = {
			isa = PBXGroup;
			children = (
				6A262F48287592C60038600B /* AllLeaguesViewController.swift */,
				6A262F8A2875DC9A0038600B /* LeagueCell.swift */,
			);
			path = Leagues;
			sourceTree = "<group>";
		};
		6A262FA12876268D0038600B /* Seasons */ = {
			isa = PBXGroup;
			children = (
				6A262F902875FC150038600B /* SeasonsViewController.swift */,
				6A262F9E28760DB90038600B /* SeasonCell.swift */,
			);
			path = Seasons;
			sourceTree = "<group>";
		};
		6A262FA2287626AD0038600B /* Standings */ = {
			isa = PBXGroup;
			children = (
				6A262FA5287626EA0038600B /* StandingsViewController.swift */,
				6A262FA7287626FC0038600B /* StandingCell.swift */,
				6A262FBA287637A10038600B /* StatViewModel.swift */,
				6A262FBE287662930038600B /* StatCell.swift */,
			);
			path = Standings;
			sourceTree = "<group>";
		};
		6A262FA9287628140038600B /* Standings */ = {
			isa = PBXGroup;
			children = (
				6A262FAA287628B90038600B /* StandingsResponse.swift */,
				6A262FAC2876292C0038600B /* Standings.swift */,
				6A262FAE287629B80038600B /* Standing.swift */,
				6A262FB028762A310038600B /* Team.swift */,
				6A262FB228762A3A0038600B /* Note.swift */,
				6A262FB428762A470038600B /* Stat.swift */,
				6A262FB628762B2B0038600B /* StandingLogo.swift */,
			);
			path = Standings;
			sourceTree = "<group>";
		};
		6A262FC0287686EE0038600B /* CommonExtensions */ = {
			isa = PBXGroup;
			children = (
				6A262FC1287687070038600B /* DateFormatterExtension.swift */,
			);
			path = CommonExtensions;
			sourceTree = "<group>";
		};
/* End PBXGroup section */

/* Begin PBXNativeTarget section */
		6A262F40287592C60038600B /* FootballStandings */ = {
			isa = PBXNativeTarget;
			buildConfigurationList = 6A262F55287592C70038600B /* Build configuration list for PBXNativeTarget "FootballStandings" */;
			buildPhases = (
				6A262F3D287592C60038600B /* Sources */,
				6A262F3E287592C60038600B /* Frameworks */,
				6A262F3F287592C60038600B /* Resources */,
			);
			buildRules = (
			);
			dependencies = (
			);
			name = FootballStandings;
			productName = FootballStandings;
			productReference = 6A262F41287592C60038600B /* FootballStandings.app */;
			productType = "com.apple.product-type.application";
		};
/* End PBXNativeTarget section */

/* Begin PBXProject section */
		6A262F39287592C60038600B /* Project object */ = {
			isa = PBXProject;
			attributes = {
				BuildIndependentTargetsInParallel = 1;
				LastSwiftUpdateCheck = 1340;
				LastUpgradeCheck = 1340;
				TargetAttributes = {
					6A262F40287592C60038600B = {
						CreatedOnToolsVersion = 13.4.1;
					};
				};
			};
			buildConfigurationList = 6A262F3C287592C60038600B /* Build configuration list for PBXProject "FootballStandings" */;
			compatibilityVersion = "Xcode 13.0";
			developmentRegion = en;
			hasScannedForEncodings = 0;
			knownRegions = (
				en,
				Base,
			);
			mainGroup = 6A262F38287592C60038600B;
			productRefGroup = 6A262F42287592C60038600B /* Products */;
			projectDirPath = "";
			projectRoot = "";
			targets = (
				6A262F40287592C60038600B /* FootballStandings */,
			);
		};
/* End PBXProject section */

/* Begin PBXResourcesBuildPhase section */
		6A262F3F287592C60038600B /* Resources */ = {
			isa = PBXResourcesBuildPhase;
			buildActionMask = 2147483647;
			files = (
				6A262F51287592C70038600B /* LaunchScreen.storyboard in Resources */,
				6A262F4E287592C70038600B /* Assets.xcassets in Resources */,
			);
			runOnlyForDeploymentPostprocessing = 0;
		};
/* End PBXResourcesBuildPhase section */

/* Begin PBXSourcesBuildPhase section */
		6A262F3D287592C60038600B /* Sources */ = {
			isa = PBXSourcesBuildPhase;
			buildActionMask = 2147483647;
			files = (
				6A262FB528762A470038600B /* Stat.swift in Sources */,
				6A262F6D2875A23A0038600B /* Router.swift in Sources */,
				6A262FC2287687070038600B /* DateFormatterExtension.swift in Sources */,
				6A262F702875A63C0038600B /* FootballEndPoint.swift in Sources */,
				6A262FA6287626EA0038600B /* StandingsViewController.swift in Sources */,
				6A262F7E2875BA440038600B /* Logos.swift in Sources */,
				6A262F622875977B0038600B /* ParameterEncoding.swift in Sources */,
				6A262FA8287626FC0038600B /* StandingCell.swift in Sources */,
				6A262F6528759A440038600B /* NetworkError.swift in Sources */,
				6A262F742875B1770038600B /* Result.swift in Sources */,
				6A262F8D2875E3950038600B /* UIImageViewExtension.swift in Sources */,
				6A262FB328762A3A0038600B /* Note.swift in Sources */,
				6A262F872875D1380038600B /* ModelFacade.swift in Sources */,
				6A262F9D2875FEF90038600B /* Seasons.swift in Sources */,
				6A262F892875D2CE0038600B /* AllLeaguesPresenter.swift in Sources */,
				6A262F7A2875B91B0038600B /* Leagues.swift in Sources */,
				6A262F6728759B5F0038600B /* URLParameterEncoder.swift in Sources */,
				6A262F5F287596D90038600B /* HTTPTask.swift in Sources */,
				6A262F5B287595BB0038600B /* EndPointType.swift in Sources */,
				6A262F8F2875E3E80038600B /* ImageProvider.swift in Sources */,
				6A262FBB287637A10038600B /* StatViewModel.swift in Sources */,
				6A262F49287592C60038600B /* AllLeaguesViewController.swift in Sources */,
				6A262FAD2876292C0038600B /* Standings.swift in Sources */,
				6A262FAB287628B90038600B /* StandingsResponse.swift in Sources */,
				6A262F45287592C60038600B /* AppDelegate.swift in Sources */,
				6A262FA4287626CE0038600B /* StandingsPresenter.swift in Sources */,
				6A262F932875FC250038600B /* SeasonsPresenter.swift in Sources */,
				6A262FB128762A310038600B /* Team.swift in Sources */,
				6A262F6B2875A1580038600B /* NetworkRouter.swift in Sources */,
				6A262F912875FC150038600B /* SeasonsViewController.swift in Sources */,
				6A262F992875FD1B0038600B /* Season.swift in Sources */,
				6A262F5D287596890038600B /* HTTPMethod.swift in Sources */,
				6A262F9F28760DB90038600B /* SeasonCell.swift in Sources */,
				6A262F772875B2540038600B /* NetworkManager.swift in Sources */,
				6A262F9B2875FDF60038600B /* SeasonType.swift in Sources */,
				6A262F7C2875B9740038600B /* League.swift in Sources */,
				6A262FBF287662930038600B /* StatCell.swift in Sources */,
				6A262F972875FD120038600B /* SeasonsResponse.swift in Sources */,
				6A262F47287592C60038600B /* SceneDelegate.swift in Sources */,
				6A262FAF287629B80038600B /* Standing.swift in Sources */,
				6A262F8B2875DC9A0038600B /* LeagueCell.swift in Sources */,
				6A262FB728762B2B0038600B /* StandingLogo.swift in Sources */,
				6A262F722875B0AD0038600B /* NetworkResponse.swift in Sources */,
			);
			runOnlyForDeploymentPostprocessing = 0;
		};
/* End PBXSourcesBuildPhase section */

/* Begin PBXVariantGroup section */
		6A262F4F287592C70038600B /* LaunchScreen.storyboard */ = {
			isa = PBXVariantGroup;
			children = (
				6A262F50287592C70038600B /* Base */,
			);
			name = LaunchScreen.storyboard;
			sourceTree = "<group>";
		};
/* End PBXVariantGroup section */

/* Begin XCBuildConfiguration section */
		6A262F53287592C70038600B /* Debug */ = {
			isa = XCBuildConfiguration;
			buildSettings = {
				ALWAYS_SEARCH_USER_PATHS = NO;
				CLANG_ANALYZER_NONNULL = YES;
				CLANG_ANALYZER_NUMBER_OBJECT_CONVERSION = YES_AGGRESSIVE;
				CLANG_CXX_LANGUAGE_STANDARD = "gnu++17";
				CLANG_ENABLE_MODULES = YES;
				CLANG_ENABLE_OBJC_ARC = YES;
				CLANG_ENABLE_OBJC_WEAK = YES;
				CLANG_WARN_BLOCK_CAPTURE_AUTORELEASING = YES;
				CLANG_WARN_BOOL_CONVERSION = YES;
				CLANG_WARN_COMMA = YES;
				CLANG_WARN_CONSTANT_CONVERSION = YES;
				CLANG_WARN_DEPRECATED_OBJC_IMPLEMENTATIONS = YES;
				CLANG_WARN_DIRECT_OBJC_ISA_USAGE = YES_ERROR;
				CLANG_WARN_DOCUMENTATION_COMMENTS = YES;
				CLANG_WARN_EMPTY_BODY = YES;
				CLANG_WARN_ENUM_CONVERSION = YES;
				CLANG_WARN_INFINITE_RECURSION = YES;
				CLANG_WARN_INT_CONVERSION = YES;
				CLANG_WARN_NON_LITERAL_NULL_CONVERSION = YES;
				CLANG_WARN_OBJC_IMPLICIT_RETAIN_SELF = YES;
				CLANG_WARN_OBJC_LITERAL_CONVERSION = YES;
				CLANG_WARN_OBJC_ROOT_CLASS = YES_ERROR;
				CLANG_WARN_QUOTED_INCLUDE_IN_FRAMEWORK_HEADER = YES;
				CLANG_WARN_RANGE_LOOP_ANALYSIS = YES;
				CLANG_WARN_STRICT_PROTOTYPES = YES;
				CLANG_WARN_SUSPICIOUS_MOVE = YES;
				CLANG_WARN_UNGUARDED_AVAILABILITY = YES_AGGRESSIVE;
				CLANG_WARN_UNREACHABLE_CODE = YES;
				CLANG_WARN__DUPLICATE_METHOD_MATCH = YES;
				COPY_PHASE_STRIP = NO;
				DEBUG_INFORMATION_FORMAT = dwarf;
				ENABLE_STRICT_OBJC_MSGSEND = YES;
				ENABLE_TESTABILITY = YES;
				GCC_C_LANGUAGE_STANDARD = gnu11;
				GCC_DYNAMIC_NO_PIC = NO;
				GCC_NO_COMMON_BLOCKS = YES;
				GCC_OPTIMIZATION_LEVEL = 0;
				GCC_PREPROCESSOR_DEFINITIONS = (
					"DEBUG=1",
					"$(inherited)",
				);
				GCC_WARN_64_TO_32_BIT_CONVERSION = YES;
				GCC_WARN_ABOUT_RETURN_TYPE = YES_ERROR;
				GCC_WARN_UNDECLARED_SELECTOR = YES;
				GCC_WARN_UNINITIALIZED_AUTOS = YES_AGGRESSIVE;
				GCC_WARN_UNUSED_FUNCTION = YES;
				GCC_WARN_UNUSED_VARIABLE = YES;
				IPHONEOS_DEPLOYMENT_TARGET = 15.5;
				MTL_ENABLE_DEBUG_INFO = INCLUDE_SOURCE;
				MTL_FAST_MATH = YES;
				ONLY_ACTIVE_ARCH = YES;
				SDKROOT = iphoneos;
				SWIFT_ACTIVE_COMPILATION_CONDITIONS = DEBUG;
				SWIFT_OPTIMIZATION_LEVEL = "-Onone";
			};
			name = Debug;
		};
		6A262F54287592C70038600B /* Release */ = {
			isa = XCBuildConfiguration;
			buildSettings = {
				ALWAYS_SEARCH_USER_PATHS = NO;
				CLANG_ANALYZER_NONNULL = YES;
				CLANG_ANALYZER_NUMBER_OBJECT_CONVERSION = YES_AGGRESSIVE;
				CLANG_CXX_LANGUAGE_STANDARD = "gnu++17";
				CLANG_ENABLE_MODULES = YES;
				CLANG_ENABLE_OBJC_ARC = YES;
				CLANG_ENABLE_OBJC_WEAK = YES;
				CLANG_WARN_BLOCK_CAPTURE_AUTORELEASING = YES;
				CLANG_WARN_BOOL_CONVERSION = YES;
				CLANG_WARN_COMMA = YES;
				CLANG_WARN_CONSTANT_CONVERSION = YES;
				CLANG_WARN_DEPRECATED_OBJC_IMPLEMENTATIONS = YES;
				CLANG_WARN_DIRECT_OBJC_ISA_USAGE = YES_ERROR;
				CLANG_WARN_DOCUMENTATION_COMMENTS = YES;
				CLANG_WARN_EMPTY_BODY = YES;
				CLANG_WARN_ENUM_CONVERSION = YES;
				CLANG_WARN_INFINITE_RECURSION = YES;
				CLANG_WARN_INT_CONVERSION = YES;
				CLANG_WARN_NON_LITERAL_NULL_CONVERSION = YES;
				CLANG_WARN_OBJC_IMPLICIT_RETAIN_SELF = YES;
				CLANG_WARN_OBJC_LITERAL_CONVERSION = YES;
				CLANG_WARN_OBJC_ROOT_CLASS = YES_ERROR;
				CLANG_WARN_QUOTED_INCLUDE_IN_FRAMEWORK_HEADER = YES;
				CLANG_WARN_RANGE_LOOP_ANALYSIS = YES;
				CLANG_WARN_STRICT_PROTOTYPES = YES;
				CLANG_WARN_SUSPICIOUS_MOVE = YES;
				CLANG_WARN_UNGUARDED_AVAILABILITY = YES_AGGRESSIVE;
				CLANG_WARN_UNREACHABLE_CODE = YES;
				CLANG_WARN__DUPLICATE_METHOD_MATCH = YES;
				COPY_PHASE_STRIP = NO;
				DEBUG_INFORMATION_FORMAT = "dwarf-with-dsym";
				ENABLE_NS_ASSERTIONS = NO;
				ENABLE_STRICT_OBJC_MSGSEND = YES;
				GCC_C_LANGUAGE_STANDARD = gnu11;
				GCC_NO_COMMON_BLOCKS = YES;
				GCC_WARN_64_TO_32_BIT_CONVERSION = YES;
				GCC_WARN_ABOUT_RETURN_TYPE = YES_ERROR;
				GCC_WARN_UNDECLARED_SELECTOR = YES;
				GCC_WARN_UNINITIALIZED_AUTOS = YES_AGGRESSIVE;
				GCC_WARN_UNUSED_FUNCTION = YES;
				GCC_WARN_UNUSED_VARIABLE = YES;
				IPHONEOS_DEPLOYMENT_TARGET = 15.5;
				MTL_ENABLE_DEBUG_INFO = NO;
				MTL_FAST_MATH = YES;
				SDKROOT = iphoneos;
				SWIFT_COMPILATION_MODE = wholemodule;
				SWIFT_OPTIMIZATION_LEVEL = "-O";
				VALIDATE_PRODUCT = YES;
			};
			name = Release;
		};
		6A262F56287592C70038600B /* Debug */ = {
			isa = XCBuildConfiguration;
			buildSettings = {
				ASSETCATALOG_COMPILER_APPICON_NAME = AppIcon;
				ASSETCATALOG_COMPILER_GLOBAL_ACCENT_COLOR_NAME = AccentColor;
				CODE_SIGN_STYLE = Automatic;
				CURRENT_PROJECT_VERSION = 1;
				DEVELOPMENT_TEAM = "";
				GENERATE_INFOPLIST_FILE = YES;
				INFOPLIST_FILE = FootballStandings/Info.plist;
				INFOPLIST_KEY_UIApplicationSupportsIndirectInputEvents = YES;
				INFOPLIST_KEY_UILaunchStoryboardName = LaunchScreen;
				INFOPLIST_KEY_UISupportedInterfaceOrientations_iPad = "UIInterfaceOrientationPortrait UIInterfaceOrientationPortraitUpsideDown UIInterfaceOrientationLandscapeLeft UIInterfaceOrientationLandscapeRight";
				INFOPLIST_KEY_UISupportedInterfaceOrientations_iPhone = "UIInterfaceOrientationPortrait UIInterfaceOrientationLandscapeLeft UIInterfaceOrientationLandscapeRight";
				LD_RUNPATH_SEARCH_PATHS = (
					"$(inherited)",
					"@executable_path/Frameworks",
				);
				MARKETING_VERSION = 1.0;
				PRODUCT_BUNDLE_IDENTIFIER = com.soalgate.FootballStandings;
				PRODUCT_NAME = "$(TARGET_NAME)";
				SWIFT_EMIT_LOC_STRINGS = YES;
				SWIFT_VERSION = 5.0;
				TARGETED_DEVICE_FAMILY = "1,2";
			};
			name = Debug;
		};
		6A262F57287592C70038600B /* Release */ = {
			isa = XCBuildConfiguration;
			buildSettings = {
				ASSETCATALOG_COMPILER_APPICON_NAME = AppIcon;
				ASSETCATALOG_COMPILER_GLOBAL_ACCENT_COLOR_NAME = AccentColor;
				CODE_SIGN_STYLE = Automatic;
				CURRENT_PROJECT_VERSION = 1;
				DEVELOPMENT_TEAM = "";
				GENERATE_INFOPLIST_FILE = YES;
				INFOPLIST_FILE = FootballStandings/Info.plist;
				INFOPLIST_KEY_UIApplicationSupportsIndirectInputEvents = YES;
				INFOPLIST_KEY_UILaunchStoryboardName = LaunchScreen;
				INFOPLIST_KEY_UISupportedInterfaceOrientations_iPad = "UIInterfaceOrientationPortrait UIInterfaceOrientationPortraitUpsideDown UIInterfaceOrientationLandscapeLeft UIInterfaceOrientationLandscapeRight";
				INFOPLIST_KEY_UISupportedInterfaceOrientations_iPhone = "UIInterfaceOrientationPortrait UIInterfaceOrientationLandscapeLeft UIInterfaceOrientationLandscapeRight";
				LD_RUNPATH_SEARCH_PATHS = (
					"$(inherited)",
					"@executable_path/Frameworks",
				);
				MARKETING_VERSION = 1.0;
				PRODUCT_BUNDLE_IDENTIFIER = com.soalgate.FootballStandings;
				PRODUCT_NAME = "$(TARGET_NAME)";
				SWIFT_EMIT_LOC_STRINGS = YES;
				SWIFT_VERSION = 5.0;
				TARGETED_DEVICE_FAMILY = "1,2";
			};
			name = Release;
		};
/* End XCBuildConfiguration section */

/* Begin XCConfigurationList section */
		6A262F3C287592C60038600B /* Build configuration list for PBXProject "FootballStandings" */ = {
			isa = XCConfigurationList;
			buildConfigurations = (
				6A262F53287592C70038600B /* Debug */,
				6A262F54287592C70038600B /* Release */,
			);
			defaultConfigurationIsVisible = 0;
			defaultConfigurationName = Release;
		};
		6A262F55287592C70038600B /* Build configuration list for PBXNativeTarget "FootballStandings" */ = {
			isa = XCConfigurationList;
			buildConfigurations = (
				6A262F56287592C70038600B /* Debug */,
				6A262F57287592C70038600B /* Release */,
			);
			defaultConfigurationIsVisible = 0;
			defaultConfigurationName = Release;
		};
/* End XCConfigurationList section */
	};
	rootObject = 6A262F39287592C60038600B /* Project object */;
}
